PODS:
  - FBSnapshotTestCase (2.1.4):
    - FBSnapshotTestCase/SwiftSupport (= 2.1.4)
  - FBSnapshotTestCase/Core (2.1.4)
  - FBSnapshotTestCase/SwiftSupport (2.1.4):
    - FBSnapshotTestCase/Core
  - YYLSement (0.1.0)

DEPENDENCIES:
  - FBSnapshotTestCase
  - YYLSement (from `../`)

SPEC REPOS:
  https://github.com/cocoapods/specs.git:
    - FBSnapshotTestCase

EXTERNAL SOURCES:
  YYLSement:
    :path: "../"

SPEC CHECKSUMS:
  FBSnapshotTestCase: 094f9f314decbabe373b87cc339bea235a63e07a
  YYLSement: 40c7c82f39f1a737bf549bf16302b2d494a17b28

PODFILE CHECKSUM: 3f84716052290d439e4c8e72767fca5fccc8da09

COCOAPODS: 1.5.2
